{
  "name": "server",
  "lockfileVersion": 2,
  "requires": true,
  "packages": {
    "": {
      "dependencies": {
        "vue-star-rating": "^1.7.0"
      }
    },
    "node_modules/vue": {
      "version": "2.6.14",
      "resolved": "https://registry.npmjs.org/vue/-/vue-2.6.14.tgz",
      "integrity": "sha512-x2284lgYvjOMj3Za7kqzRcUSxBboHqtgRE2zlos1qWaOye5yUmHn42LB1250NJBLRwEcdrB0JRwyPTEPhfQjiQ=="
    },
    "node_modules/vue-star-rating": {
      "version": "1.7.0",
      "resolved": "https://registry.npmjs.org/vue-star-rating/-/vue-star-rating-1.7.0.tgz",
      "integrity": "sha512-2qdONqnIlvFzJoallfr7VuFRB6hBzYgBVEbXC3yYZz2TfMhx36WtYQ5p7JRjW+pzZx2PGQYZ75UFoBE0jwIANw==",
      "dependencies": {
        "vue": "^2.3.3"
      }
    }
  },
  "dependencies": {
    "vue": {
      "version": "2.6.14",
      "resolved": "https://registry.npmjs.org/vue/-/vue-2.6.14.tgz",
      "integrity": "sha512-x2284lgYvjOMj3Za7kqzRcUSxBboHqtgRE2zlos1qWaOye5yUmHn42LB1250NJBLRwEcdrB0JRwyPTEPhfQjiQ=="
    },
    "vue-star-rating": {
      "version": "1.7.0",
      "resolved": "https://registry.npmjs.org/vue-star-rating/-/vue-star-rating-1.7.0.tgz",
      "integrity": "sha512-2qdONqnIlvFzJoallfr7VuFRB6hBzYgBVEbXC3yYZz2TfMhx36WtYQ5p7JRjW+pzZx2PGQYZ75UFoBE0jwIANw==",
      "requires": {
        "vue": "^2.3.3"
      }
    }
  }
}
